
Microsoft Visual Studio Solution File, Format Version 12.00
# Visual Studio 15
VisualStudioVersion = 15.0.26124.0
MinimumVisualStudioVersion = 15.0.26124.0
Project("{2150E333-8FDC-42A3-9474-1A3956D46DE8}") = "src", "src", "{B66B0135-A3B3-4CF2-BDFE-650CFF90DBF8}"
EndProject
Project("{FAE04EC0-301F-11D3-BF4B-00C04F79EFBC}") = "SimpleAPI", "src\SimpleAPI\SimpleAPI.csproj", "{DF1A967E-0802-45DC-A552-554B78D35BE0}"
EndProject
Project("{2150E333-8FDC-42A3-9474-1A3956D46DE8}") = "test", "test", "{1898B2C2-A0C2-4FAD-82E0-9328BF97CAFB}"
EndProject
Project("{FAE04EC0-301F-11D3-BF4B-00C04F79EFBC}") = "simpleapi.test", "test\simpleapi.test\simpleapi.test.csproj", "{6F8913ED-5386-4C55-9FB2-543AD2A75CA8}"
EndProject
Global
	GlobalSection(SolutionConfigurationPlatforms) = preSolution
		Debug|Any CPU = Debug|Any CPU
		Debug|x64 = Debug|x64
		Debug|x86 = Debug|x86
		Release|Any CPU = Release|Any CPU
		Release|x64 = Release|x64
		Release|x86 = Release|x86
	EndGlobalSection
	GlobalSection(SolutionProperties) = preSolution
		HideSolutionNode = FALSE
	EndGlobalSection
	GlobalSection(ProjectConfigurationPlatforms) = postSolution
		{DF1A967E-0802-45DC-A552-554B78D35BE0}.Debug|Any CPU.ActiveCfg = Debug|Any CPU
		{DF1A967E-0802-45DC-A552-554B78D35BE0}.Debug|Any CPU.Build.0 = Debug|Any CPU
		{DF1A967E-0802-45DC-A552-554B78D35BE0}.Debug|x64.ActiveCfg = Debug|Any CPU
		{DF1A967E-0802-45DC-A552-554B78D35BE0}.Debug|x64.Build.0 = Debug|Any CPU
		{DF1A967E-0802-45DC-A552-554B78D35BE0}.Debug|x86.ActiveCfg = Debug|Any CPU
		{DF1A967E-0802-45DC-A552-554B78D35BE0}.Debug|x86.Build.0 = Debug|Any CPU
		{DF1A967E-0802-45DC-A552-554B78D35BE0}.Release|Any CPU.ActiveCfg = Release|Any CPU
		{DF1A967E-0802-45DC-A552-554B78D35BE0}.Release|Any CPU.Build.0 = Release|Any CPU
		{DF1A967E-0802-45DC-A552-554B78D35BE0}.Release|x64.ActiveCfg = Release|Any CPU
		{DF1A967E-0802-45DC-A552-554B78D35BE0}.Release|x64.Build.0 = Release|Any CPU
		{DF1A967E-0802-45DC-A552-554B78D35BE0}.Release|x86.ActiveCfg = Release|Any CPU
		{DF1A967E-0802-45DC-A552-554B78D35BE0}.Release|x86.Build.0 = Release|Any CPU
		{6F8913ED-5386-4C55-9FB2-543AD2A75CA8}.Debug|Any CPU.ActiveCfg = Debug|Any CPU
		{6F8913ED-5386-4C55-9FB2-543AD2A75CA8}.Debug|Any CPU.Build.0 = Debug|Any CPU
		{6F8913ED-5386-4C55-9FB2-543AD2A75CA8}.Debug|x64.ActiveCfg = Debug|Any CPU
		{6F8913ED-5386-4C55-9FB2-543AD2A75CA8}.Debug|x64.Build.0 = Debug|Any CPU
		{6F8913ED-5386-4C55-9FB2-543AD2A75CA8}.Debug|x86.ActiveCfg = Debug|Any CPU
		{6F8913ED-5386-4C55-9FB2-543AD2A75CA8}.Debug|x86.Build.0 = Debug|Any CPU
		{6F8913ED-5386-4C55-9FB2-543AD2A75CA8}.Release|Any CPU.ActiveCfg = Release|Any CPU
		{6F8913ED-5386-4C55-9FB2-543AD2A75CA8}.Release|Any CPU.Build.0 = Release|Any CPU
		{6F8913ED-5386-4C55-9FB2-543AD2A75CA8}.Release|x64.ActiveCfg = Release|Any CPU
		{6F8913ED-5386-4C55-9FB2-543AD2A75CA8}.Release|x64.Build.0 = Release|Any CPU
		{6F8913ED-5386-4C55-9FB2-543AD2A75CA8}.Release|x86.ActiveCfg = Release|Any CPU
		{6F8913ED-5386-4C55-9FB2-543AD2A75CA8}.Release|x86.Build.0 = Release|Any CPU
	EndGlobalSection
	GlobalSection(NestedProjects) = preSolution
		{DF1A967E-0802-45DC-A552-554B78D35BE0} = {B66B0135-A3B3-4CF2-BDFE-650CFF90DBF8}
		{6F8913ED-5386-4C55-9FB2-543AD2A75CA8} = {1898B2C2-A0C2-4FAD-82E0-9328BF97CAFB}
	EndGlobalSection
EndGlobal
